
Microsoft Visual Studio Solution File, Format Version 12.00
# Visual Studio 2013
VisualStudioVersion = 12.0.30110.0
MinimumVisualStudioVersion = 10.0.40219.1
Project("{FAE04EC0-301F-11D3-BF4B-00C04F79EFBC}") = "Lesson08", "Lesson08\Lesson08.csproj", "{79290AFA-82F6-4BAD-A7A9-EBFE5487CD91}"
EndProject
Project("{FAE04EC0-301F-11D3-BF4B-00C04F79EFBC}") = "Lesson08.Tests", "Lesson08.Tests\Lesson08.Tests.csproj", "{5876925C-1196-4BC5-90CC-9E587BCBCB85}"
EndProject
Global
	GlobalSection(SolutionConfigurationPlatforms) = preSolution
		Debug|Any CPU = Debug|Any CPU
		Release|Any CPU = Release|Any CPU
	EndGlobalSection
	GlobalSection(ProjectConfigurationPlatforms) = postSolution
		{79290AFA-82F6-4BAD-A7A9-EBFE5487CD91}.Debug|Any CPU.ActiveCfg = Debug|Any CPU
		{79290AFA-82F6-4BAD-A7A9-EBFE5487CD91}.Debug|Any CPU.Build.0 = Debug|Any CPU
		{79290AFA-82F6-4BAD-A7A9-EBFE5487CD91}.Release|Any CPU.ActiveCfg = Release|Any CPU
		{79290AFA-82F6-4BAD-A7A9-EBFE5487CD91}.Release|Any CPU.Build.0 = Release|Any CPU
		{5876925C-1196-4BC5-90CC-9E587BCBCB85}.Debug|Any CPU.ActiveCfg = Debug|Any CPU
		{5876925C-1196-4BC5-90CC-9E587BCBCB85}.Debug|Any CPU.Build.0 = Debug|Any CPU
		{5876925C-1196-4BC5-90CC-9E587BCBCB85}.Release|Any CPU.ActiveCfg = Release|Any CPU
		{5876925C-1196-4BC5-90CC-9E587BCBCB85}.Release|Any CPU.Build.0 = Release|Any CPU
	EndGlobalSection
	GlobalSection(SolutionProperties) = preSolution
		HideSolutionNode = FALSE
	EndGlobalSection
EndGlobal
