
Microsoft Visual Studio Solution File, Format Version 12.00
# Visual Studio 2013
VisualStudioVersion = 12.0.30110.0
MinimumVisualStudioVersion = 10.0.40219.1
Project("{FAE04EC0-301F-11D3-BF4B-00C04F79EFBC}") = "Lesson09", "Lesson09\Lesson09.csproj", "{806F2757-6150-4D7C-AFFE-4B5DA3DC2E54}"
EndProject
Project("{FAE04EC0-301F-11D3-BF4B-00C04F79EFBC}") = "Lesson09.Tests", "Lesson09.Tests\Lesson09.Tests.csproj", "{07212D61-31F7-43F1-8CD7-A50E235C29F7}"
EndProject
Global
	GlobalSection(SolutionConfigurationPlatforms) = preSolution
		Debug|Any CPU = Debug|Any CPU
		Release|Any CPU = Release|Any CPU
	EndGlobalSection
	GlobalSection(ProjectConfigurationPlatforms) = postSolution
		{806F2757-6150-4D7C-AFFE-4B5DA3DC2E54}.Debug|Any CPU.ActiveCfg = Debug|Any CPU
		{806F2757-6150-4D7C-AFFE-4B5DA3DC2E54}.Debug|Any CPU.Build.0 = Debug|Any CPU
		{806F2757-6150-4D7C-AFFE-4B5DA3DC2E54}.Release|Any CPU.ActiveCfg = Release|Any CPU
		{806F2757-6150-4D7C-AFFE-4B5DA3DC2E54}.Release|Any CPU.Build.0 = Release|Any CPU
		{07212D61-31F7-43F1-8CD7-A50E235C29F7}.Debug|Any CPU.ActiveCfg = Debug|Any CPU
		{07212D61-31F7-43F1-8CD7-A50E235C29F7}.Debug|Any CPU.Build.0 = Debug|Any CPU
		{07212D61-31F7-43F1-8CD7-A50E235C29F7}.Release|Any CPU.ActiveCfg = Release|Any CPU
		{07212D61-31F7-43F1-8CD7-A50E235C29F7}.Release|Any CPU.Build.0 = Release|Any CPU
	EndGlobalSection
	GlobalSection(SolutionProperties) = preSolution
		HideSolutionNode = FALSE
	EndGlobalSection
EndGlobal
